
Microsoft Visual Studio Solution File, Format Version 12.00
# Visual Studio 2013
VisualStudioVersion = 12.0.21005.1
MinimumVisualStudioVersion = 10.0.40219.1
Project("{FAE04EC0-301F-11D3-BF4B-00C04F79EFBC}") = "Aula31", "Aula31\Aula31.csproj", "{C2ED90D7-22AF-40A8-B7B6-D8B599A6416B}"
EndProject
Global
	GlobalSection(SolutionConfigurationPlatforms) = preSolution
		Debug|Any CPU = Debug|Any CPU
		Release|Any CPU = Release|Any CPU
	EndGlobalSection
	GlobalSection(ProjectConfigurationPlatforms) = postSolution
		{C2ED90D7-22AF-40A8-B7B6-D8B599A6416B}.Debug|Any CPU.ActiveCfg = Debug|Any CPU
		{C2ED90D7-22AF-40A8-B7B6-D8B599A6416B}.Debug|Any CPU.Build.0 = Debug|Any CPU
		{C2ED90D7-22AF-40A8-B7B6-D8B599A6416B}.Release|Any CPU.ActiveCfg = Release|Any CPU
		{C2ED90D7-22AF-40A8-B7B6-D8B599A6416B}.Release|Any CPU.Build.0 = Release|Any CPU
	EndGlobalSection
	GlobalSection(SolutionProperties) = preSolution
		HideSolutionNode = FALSE
	EndGlobalSection
EndGlobal
